<?xml version="1.0" encoding="utf-8"?>
<Project ToolsVersion="4.0" xmlns="http://schemas.microsoft.com/developer/msbuild/2003">
  <ItemGroup>
    <ClCompile Include="StoryNarrator.cpp" />
    <ClCompile Include="Core\ChoiceNode.cpp">
      <Filter>Core</Filter>
    </ClCompile>
    <ClCompile Include="Core\DecisionNode.cpp">
      <Filter>Core</Filter>
    </ClCompile>
    <ClCompile Include="Core\DialogueNode.cpp">
      <Filter>Core</Filter>
    </ClCompile>
    <ClCompile Include="Core\DivertNode.cpp">
      <Filter>Core</Filter>
    </ClCompile>
    <ClCompile Include="Core\Edge.cpp">
      <Filter>Core</Filter>
    </ClCompile>
    <ClCompile Include="Core\EndNode.cpp">
      <Filter>Core</Filter>
    </ClCompile>
    <ClCompile Include="Core\Graph.cpp">
      <Filter>Core</Filter>
    </ClCompile>
    <ClCompile Include="Core\GraphHelper.cpp">
      <Filter>Core</Filter>
    </ClCompile>
    <ClCompile Include="Core\KnotNode.cpp">
      <Filter>Core</Filter>
    </ClCompile>
    <ClCompile Include="Core\MultiInFlowNode.cpp">
      <Filter>Core</Filter>
    </ClCompile>
    <ClCompile Include="Core\MultiOutFlowNode.cpp">
      <Filter>Core</Filter>
    </ClCompile>
    <ClCompile Include="Core\Node.cpp">
      <Filter>Core</Filter>
    </ClCompile>
    <ClCompile Include="Core\NodeFactory.cpp">
      <Filter>Core</Filter>
    </ClCompile>
    <ClCompile Include="Core\StartNode.cpp">
      <Filter>Core</Filter>
    </ClCompile>
    <ClCompile Include="Core\UniInFlowNode.cpp">
      <Filter>Core</Filter>
    </ClCompile>
    <ClCompile Include="Core\UniOutFlowNode.cpp">
      <Filter>Core</Filter>
    </ClCompile>
    <ClCompile Include="Utils\StringUtils.cpp">
      <Filter>Utils</Filter>
    </ClCompile>
    <ClCompile Include="Story\Story.cpp">
      <Filter>Story</Filter>
    </ClCompile>
    <ClCompile Include="Story\StorySyntax.cpp">
      <Filter>Story</Filter>
    </ClCompile>
  </ItemGroup>
  <ItemGroup>
    <Filter Include="Core">
      <UniqueIdentifier>{202f653d-5f0c-44b9-bd02-0230c9e4ae24}</UniqueIdentifier>
    </Filter>
    <Filter Include="Story">
      <UniqueIdentifier>{bd0685a1-ded1-4718-81e7-54deb0361a53}</UniqueIdentifier>
    </Filter>
    <Filter Include="Utils">
      <UniqueIdentifier>{2b683727-5e11-4cba-aaff-2c89f0677622}</UniqueIdentifier>
    </Filter>
    <Filter Include="JSON">
      <UniqueIdentifier>{5f43d8b0-0f4a-4f18-ace6-b2175d9a406c}</UniqueIdentifier>
    </Filter>
  </ItemGroup>
  <ItemGroup>
    <ClInclude Include="Core\ChoiceNode.h">
      <Filter>Core</Filter>
    </ClInclude>
    <ClInclude Include="Core\DecisionNode.h">
      <Filter>Core</Filter>
    </ClInclude>
    <ClInclude Include="Core\DialogueNode.h">
      <Filter>Core</Filter>
    </ClInclude>
    <ClInclude Include="Core\DivertNode.h">
      <Filter>Core</Filter>
    </ClInclude>
    <ClInclude Include="Core\Edge.h">
      <Filter>Core</Filter>
    </ClInclude>
    <ClInclude Include="Core\EndNode.h">
      <Filter>Core</Filter>
    </ClInclude>
    <ClInclude Include="Core\Graph.h">
      <Filter>Core</Filter>
    </ClInclude>
    <ClInclude Include="Core\GraphHelper.h">
      <Filter>Core</Filter>
    </ClInclude>
    <ClInclude Include="Core\KnotNode.h">
      <Filter>Core</Filter>
    </ClInclude>
    <ClInclude Include="Core\MultiInFlowNode.h">
      <Filter>Core</Filter>
    </ClInclude>
    <ClInclude Include="Core\MultiOutFlowNode.h">
      <Filter>Core</Filter>
    </ClInclude>
    <ClInclude Include="Core\Node.h">
      <Filter>Core</Filter>
    </ClInclude>
    <ClInclude Include="Core\NodeFactory.h">
      <Filter>Core</Filter>
    </ClInclude>
    <ClInclude Include="Core\NodeType.h">
      <Filter>Core</Filter>
    </ClInclude>
    <ClInclude Include="Core\StartNode.h">
      <Filter>Core</Filter>
    </ClInclude>
    <ClInclude Include="Core\UniInFlowNode.h">
      <Filter>Core</Filter>
    </ClInclude>
    <ClInclude Include="Core\UniOutFlowNode.h">
      <Filter>Core</Filter>
    </ClInclude>
    <ClInclude Include="Utils\StringUtils.h">
      <Filter>Utils</Filter>
    </ClInclude>
    <ClInclude Include="Story\ParseMessageType.h">
      <Filter>Story</Filter>
    </ClInclude>
    <ClInclude Include="Story\ParseMetaData.h">
      <Filter>Story</Filter>
    </ClInclude>
    <ClInclude Include="Story\Story.h">
      <Filter>Story</Filter>
    </ClInclude>
    <ClInclude Include="Story\StorySyntax.h">
      <Filter>Story</Filter>
    </ClInclude>
    <ClInclude Include="JSON\Includes.h">
      <Filter>JSON</Filter>
    </ClInclude>
    <ClInclude Include="Includes.h" />
  </ItemGroup>
</Project>